
Microsoft Visual Studio Solution File, Format Version 12.00
# Visual Studio Version 16
VisualStudioVersion = 16.0.30804.86
MinimumVisualStudioVersion = 10.0.40219.1
Project("{FAE04EC0-301F-11D3-BF4B-00C04F79EFBC}") = "InstallProject", "InstallProject.csproj", "{6A84F9A0-AB99-4533-96A0-C35449E74430}"
EndProject
Global
	GlobalSection(SolutionConfigurationPlatforms) = preSolution
		Debug|Any CPU = Debug|Any CPU
		Release|Any CPU = Release|Any CPU
	EndGlobalSection
	GlobalSection(ProjectConfigurationPlatforms) = postSolution
		{6A84F9A0-AB99-4533-96A0-C35449E74430}.Debug|Any CPU.ActiveCfg = Debug|Any CPU
		{6A84F9A0-AB99-4533-96A0-C35449E74430}.Debug|Any CPU.Build.0 = Debug|Any CPU
		{6A84F9A0-AB99-4533-96A0-C35449E74430}.Release|Any CPU.ActiveCfg = Release|Any CPU
		{6A84F9A0-AB99-4533-96A0-C35449E74430}.Release|Any CPU.Build.0 = Release|Any CPU
	EndGlobalSection
	GlobalSection(SolutionProperties) = preSolution
		HideSolutionNode = FALSE
	EndGlobalSection
	GlobalSection(ExtensibilityGlobals) = postSolution
		SolutionGuid = {B4A5583C-F0FD-41AC-B144-555CE0E5E2BC}
	EndGlobalSection
EndGlobal
